
Microsoft Visual Studio Solution File, Format Version 12.00
# Visual Studio Version 17
VisualStudioVersion = 17.6.33829.357
MinimumVisualStudioVersion = 10.0.40219.1
Project("{FAE04EC0-301F-11D3-BF4B-00C04F79EFBC}") = "FileManager.Web", "FileManager.Web\FileManager.Web.csproj", "{27C45116-6520-463B-A77D-52B1DEFCF682}"
EndProject
Project("{FAE04EC0-301F-11D3-BF4B-00C04F79EFBC}") = "FileManager.Web.Tests", "FileManager.Web.Tests\FileManager.Web.Tests.csproj", "{7E0A0C11-6370-4614-89EF-A7F089049692}"
EndProject
Project("{FAE04EC0-301F-11D3-BF4B-00C04F79EFBC}") = "FileManager.DAL", "FileManager.DAL\FileManager.DAL.csproj", "{4139716D-F636-4C70-9A6A-9D76C2E5623F}"
EndProject
Project("{9A19103F-16F7-4668-BE54-9A1E7A4F7556}") = "FileManager.BusinessFacade", "FileManager.BusinessFacade\FileManager.BusinessFacade.csproj", "{A6BDCFAA-1CFF-4CBA-826F-D65B164905F3}"
EndProject
Project("{9A19103F-16F7-4668-BE54-9A1E7A4F7556}") = "FileManager.Model", "FileManager.Model\FileManager.Model.csproj", "{5381ED97-B517-4DE9-A11C-D245A5C58F3E}"
EndProject
Project("{9A19103F-16F7-4668-BE54-9A1E7A4F7556}") = "FileManager.WebCore", "FileManager.WebCore\FileManager.WebCore.csproj", "{218444E6-3A7B-419C-8465-C99495A523FB}"
EndProject
Global
	GlobalSection(SolutionConfigurationPlatforms) = preSolution
		Debug|Any CPU = Debug|Any CPU
		Release|Any CPU = Release|Any CPU
	EndGlobalSection
	GlobalSection(ProjectConfigurationPlatforms) = postSolution
		{27C45116-6520-463B-A77D-52B1DEFCF682}.Debug|Any CPU.ActiveCfg = Debug|Any CPU
		{27C45116-6520-463B-A77D-52B1DEFCF682}.Debug|Any CPU.Build.0 = Debug|Any CPU
		{27C45116-6520-463B-A77D-52B1DEFCF682}.Release|Any CPU.ActiveCfg = Release|Any CPU
		{27C45116-6520-463B-A77D-52B1DEFCF682}.Release|Any CPU.Build.0 = Release|Any CPU
		{7E0A0C11-6370-4614-89EF-A7F089049692}.Debug|Any CPU.ActiveCfg = Debug|Any CPU
		{7E0A0C11-6370-4614-89EF-A7F089049692}.Debug|Any CPU.Build.0 = Debug|Any CPU
		{7E0A0C11-6370-4614-89EF-A7F089049692}.Release|Any CPU.ActiveCfg = Release|Any CPU
		{7E0A0C11-6370-4614-89EF-A7F089049692}.Release|Any CPU.Build.0 = Release|Any CPU
		{4139716D-F636-4C70-9A6A-9D76C2E5623F}.Debug|Any CPU.ActiveCfg = Debug|Any CPU
		{4139716D-F636-4C70-9A6A-9D76C2E5623F}.Debug|Any CPU.Build.0 = Debug|Any CPU
		{4139716D-F636-4C70-9A6A-9D76C2E5623F}.Release|Any CPU.ActiveCfg = Release|Any CPU
		{4139716D-F636-4C70-9A6A-9D76C2E5623F}.Release|Any CPU.Build.0 = Release|Any CPU
		{A6BDCFAA-1CFF-4CBA-826F-D65B164905F3}.Debug|Any CPU.ActiveCfg = Debug|Any CPU
		{A6BDCFAA-1CFF-4CBA-826F-D65B164905F3}.Debug|Any CPU.Build.0 = Debug|Any CPU
		{A6BDCFAA-1CFF-4CBA-826F-D65B164905F3}.Release|Any CPU.ActiveCfg = Release|Any CPU
		{A6BDCFAA-1CFF-4CBA-826F-D65B164905F3}.Release|Any CPU.Build.0 = Release|Any CPU
		{5381ED97-B517-4DE9-A11C-D245A5C58F3E}.Debug|Any CPU.ActiveCfg = Debug|Any CPU
		{5381ED97-B517-4DE9-A11C-D245A5C58F3E}.Debug|Any CPU.Build.0 = Debug|Any CPU
		{5381ED97-B517-4DE9-A11C-D245A5C58F3E}.Release|Any CPU.ActiveCfg = Release|Any CPU
		{5381ED97-B517-4DE9-A11C-D245A5C58F3E}.Release|Any CPU.Build.0 = Release|Any CPU
		{218444E6-3A7B-419C-8465-C99495A523FB}.Debug|Any CPU.ActiveCfg = Debug|Any CPU
		{218444E6-3A7B-419C-8465-C99495A523FB}.Debug|Any CPU.Build.0 = Debug|Any CPU
		{218444E6-3A7B-419C-8465-C99495A523FB}.Release|Any CPU.ActiveCfg = Release|Any CPU
		{218444E6-3A7B-419C-8465-C99495A523FB}.Release|Any CPU.Build.0 = Release|Any CPU
	EndGlobalSection
	GlobalSection(SolutionProperties) = preSolution
		HideSolutionNode = FALSE
	EndGlobalSection
EndGlobal
